
Microsoft Visual Studio Solution File, Format Version 12.00
# Visual Studio Version 16
VisualStudioVersion = 16.0.31829.152
MinimumVisualStudioVersion = 10.0.40219.1
Project("{9A19103F-16F7-4668-BE54-9A1E7A4F7556}") = "my-new-app", "my-new-app.csproj", "{60D9D5DD-345B-44CB-894C-DE00D03456B2}"
EndProject
Global
	GlobalSection(SolutionConfigurationPlatforms) = preSolution
		Debug|Any CPU = Debug|Any CPU
		Release|Any CPU = Release|Any CPU
	EndGlobalSection
	GlobalSection(ProjectConfigurationPlatforms) = postSolution
		{60D9D5DD-345B-44CB-894C-DE00D03456B2}.Debug|Any CPU.ActiveCfg = Debug|Any CPU
		{60D9D5DD-345B-44CB-894C-DE00D03456B2}.Debug|Any CPU.Build.0 = Debug|Any CPU
		{60D9D5DD-345B-44CB-894C-DE00D03456B2}.Release|Any CPU.ActiveCfg = Release|Any CPU
		{60D9D5DD-345B-44CB-894C-DE00D03456B2}.Release|Any CPU.Build.0 = Release|Any CPU
	EndGlobalSection
	GlobalSection(SolutionProperties) = preSolution
		HideSolutionNode = FALSE
	EndGlobalSection
	GlobalSection(ExtensibilityGlobals) = postSolution
		SolutionGuid = {13C7A6DE-7DD3-4B6D-B5EB-A0ABCEE703AB}
	EndGlobalSection
EndGlobal
